
Microsoft Visual Studio Solution File, Format Version 12.00
# Visual Studio Version 16
VisualStudioVersion = 16.0.35731.53
MinimumVisualStudioVersion = 10.0.40219.1
Project("{FAE04EC0-301F-11D3-BF4B-00C04F79EFBC}") = "MyComesticShop", "MyComesticShop\MyComesticShop.csproj", "{36F326BC-F5B4-4369-8921-BF35A8855605}"
EndProject
Project("{2150E333-8FDC-42A3-9474-1A3956D46DE8}") = "Solution Items", "Solution Items", "{4A5C196A-BE9E-46C9-85F8-6EA94CE5A2A0}"
	ProjectSection(SolutionItems) = preProject
		SqlQuery_1.sql = SqlQuery_1.sql
	EndProjectSection
EndProject
Global
	GlobalSection(SolutionConfigurationPlatforms) = preSolution
		Debug|Any CPU = Debug|Any CPU
		Release|Any CPU = Release|Any CPU
	EndGlobalSection
	GlobalSection(ProjectConfigurationPlatforms) = postSolution
		{36F326BC-F5B4-4369-8921-BF35A8855605}.Debug|Any CPU.ActiveCfg = Debug|Any CPU
		{36F326BC-F5B4-4369-8921-BF35A8855605}.Debug|Any CPU.Build.0 = Debug|Any CPU
		{36F326BC-F5B4-4369-8921-BF35A8855605}.Release|Any CPU.ActiveCfg = Release|Any CPU
		{36F326BC-F5B4-4369-8921-BF35A8855605}.Release|Any CPU.Build.0 = Release|Any CPU
	EndGlobalSection
	GlobalSection(SolutionProperties) = preSolution
		HideSolutionNode = FALSE
	EndGlobalSection
	GlobalSection(ExtensibilityGlobals) = postSolution
		SolutionGuid = {AC4B3079-47F1-42AA-AB3F-FC43614A3084}
	EndGlobalSection
EndGlobal
